
Microsoft Visual Studio Solution File, Format Version 12.00
# Visual Studio Version 18
VisualStudioVersion = 18.0.11205.157
MinimumVisualStudioVersion = 10.0.40219.1
Project("{2150E333-8FDC-42A3-9474-1A3956D46DE8}") = "src", "src", "{C468A83F-20EB-4AD0-A029-FC8B42A79ADC}"
	ProjectSection(SolutionItems) = preProject
		src\SQLiteHelper.cs = src\SQLiteHelper.cs
	EndProjectSection
EndProject
Project("{2150E333-8FDC-42A3-9474-1A3956D46DE8}") = ".github", ".github", "{77D2045B-29A7-4646-9A9B-0567199CA878}"
EndProject
Project("{2150E333-8FDC-42A3-9474-1A3956D46DE8}") = "workflows", "workflows", "{5018CC8A-706B-4E01-923C-D3A17C871F60}"
	ProjectSection(SolutionItems) = preProject
		.github\workflows\build_10.0.yml = .github\workflows\build_10.0.yml
	EndProjectSection
EndProject
Project("{2150E333-8FDC-42A3-9474-1A3956D46DE8}") = "솔루션 항목", "솔루션 항목", "{ACD3A8B7-A83A-4857-A060-5DFBBEB2E4D4}"
	ProjectSection(SolutionItems) = preProject
		.gitignore = .gitignore
		LICENSE.txt = LICENSE.txt
		README.md = README.md
	EndProjectSection
EndProject
Project("{FAE04EC0-301F-11D3-BF4B-00C04F79EFBC}") = "MetaFrm.SQLite.SQLiteHelper(net10.0)", "MetaFrm.SQLite.SQLiteHelper(net10.0)\MetaFrm.SQLite.SQLiteHelper(net10.0).csproj", "{EA1637BB-5808-CE7E-9508-196027665739}"
EndProject
Global
	GlobalSection(SolutionConfigurationPlatforms) = preSolution
		Debug|Any CPU = Debug|Any CPU
		Release|Any CPU = Release|Any CPU
	EndGlobalSection
	GlobalSection(ProjectConfigurationPlatforms) = postSolution
		{EA1637BB-5808-CE7E-9508-196027665739}.Debug|Any CPU.ActiveCfg = Debug|Any CPU
		{EA1637BB-5808-CE7E-9508-196027665739}.Debug|Any CPU.Build.0 = Debug|Any CPU
		{EA1637BB-5808-CE7E-9508-196027665739}.Release|Any CPU.ActiveCfg = Release|Any CPU
		{EA1637BB-5808-CE7E-9508-196027665739}.Release|Any CPU.Build.0 = Release|Any CPU
	EndGlobalSection
	GlobalSection(SolutionProperties) = preSolution
		HideSolutionNode = FALSE
	EndGlobalSection
	GlobalSection(NestedProjects) = preSolution
		{5018CC8A-706B-4E01-923C-D3A17C871F60} = {77D2045B-29A7-4646-9A9B-0567199CA878}
	EndGlobalSection
	GlobalSection(ExtensibilityGlobals) = postSolution
		SolutionGuid = {09F4CA6A-6B76-4C5E-9431-E0C303A8C34F}
	EndGlobalSection
EndGlobal
